// !$*UTF8*$!
{
	archiveVersion = 1;
	classes = {
	};
	objectVersion = 46;
	objects = {

/* Begin PBXBuildFile section */
		6B2D01151C6567030058B110 /* VideoQueryModel.m in Sources */ = {isa = PBXBuildFile; fileRef = 6B2D01141C6567030058B110 /* VideoQueryModel.m */; };
		6B2D01191C6573BB0058B110 /* PropertyExtractor.m in Sources */ = {isa = PBXBuildFile; fileRef = 6B2D01181C6573BB0058B110 /* PropertyExtractor.m */; };
		6B3DFC0C1C635740009D96D4 /* main.m in Sources */ = {isa = PBXBuildFile; fileRef = 6B3DFC0B1C635740009D96D4 /* main.m */; };
		6B3DFC0F1C635740009D96D4 /* AppDelegate.m in Sources */ = {isa = PBXBuildFile; fileRef = 6B3DFC0E1C635740009D96D4 /* AppDelegate.m */; };
		6B3DFC121C635740009D96D4 /* SearchViewController.m in Sources */ = {isa = PBXBuildFile; fileRef = 6B3DFC111C635740009D96D4 /* SearchViewController.m */; };
		6B3DFC151C635740009D96D4 /* SecondViewController.m in Sources */ = {isa = PBXBuildFile; fileRef = 6B3DFC141C635740009D96D4 /* SecondViewController.m */; };
		6B3DFC181C635740009D96D4 /* Main.storyboard in Resources */ = {isa = PBXBuildFile; fileRef = 6B3DFC161C635740009D96D4 /* Main.storyboard */; };
		6B3DFC1A1C635740009D96D4 /* Assets.xcassets in Resources */ = {isa = PBXBuildFile; fileRef = 6B3DFC191C635740009D96D4 /* Assets.xcassets */; };
		6B3DFC1D1C635740009D96D4 /* LaunchScreen.storyboard in Resources */ = {isa = PBXBuildFile; fileRef = 6B3DFC1B1C635740009D96D4 /* LaunchScreen.storyboard */; };
		6B3DFC281C635740009D96D4 /* youtube_searcherTests.m in Sources */ = {isa = PBXBuildFile; fileRef = 6B3DFC271C635740009D96D4 /* youtube_searcherTests.m */; };
		6B3DFC361C636AA9009D96D4 /* DropDownMenu.xib in Resources */ = {isa = PBXBuildFile; fileRef = 6B3DFC351C636AA9009D96D4 /* DropDownMenu.xib */; };
		6B3DFC411C637022009D96D4 /* DropDownMenu.m in Sources */ = {isa = PBXBuildFile; fileRef = 6B3DFC401C637022009D96D4 /* DropDownMenu.m */; };
/* End PBXBuildFile section */

/* Begin PBXContainerItemProxy section */
		6B3DFC241C635740009D96D4 /* PBXContainerItemProxy */ = {
			isa = PBXContainerItemProxy;
			containerPortal = 6B3DFBFF1C635740009D96D4 /* Project object */;
			proxyType = 1;
			remoteGlobalIDString = 6B3DFC061C635740009D96D4;
			remoteInfo = "youtube-searcher";
		};
/* End PBXContainerItemProxy section */

/* Begin PBXFileReference section */
		6B2D01131C6567030058B110 /* VideoQueryModel.h */ = {isa = PBXFileReference; fileEncoding = 4; lastKnownFileType = sourcecode.c.h; path = VideoQueryModel.h; sourceTree = "<group>"; };
		6B2D01141C6567030058B110 /* VideoQueryModel.m */ = {isa = PBXFileReference; fileEncoding = 4; lastKnownFileType = sourcecode.c.objc; path = VideoQueryModel.m; sourceTree = "<group>"; };
		6B2D01171C6573BB0058B110 /* PropertyExtractor.h */ = {isa = PBXFileReference; fileEncoding = 4; lastKnownFileType = sourcecode.c.h; path = PropertyExtractor.h; sourceTree = "<group>"; };
		6B2D01181C6573BB0058B110 /* PropertyExtractor.m */ = {isa = PBXFileReference; fileEncoding = 4; lastKnownFileType = sourcecode.c.objc; path = PropertyExtractor.m; sourceTree = "<group>"; };
		6B3DFC071C635740009D96D4 /* youtube-searcher.app */ = {isa = PBXFileReference; explicitFileType = wrapper.application; includeInIndex = 0; path = "youtube-searcher.app"; sourceTree = BUILT_PRODUCTS_DIR; };
		6B3DFC0B1C635740009D96D4 /* main.m */ = {isa = PBXFileReference; lastKnownFileType = sourcecode.c.objc; path = main.m; sourceTree = "<group>"; };
		6B3DFC0D1C635740009D96D4 /* AppDelegate.h */ = {isa = PBXFileReference; lastKnownFileType = sourcecode.c.h; path = AppDelegate.h; sourceTree = "<group>"; };
		6B3DFC0E1C635740009D96D4 /* AppDelegate.m */ = {isa = PBXFileReference; lastKnownFileType = sourcecode.c.objc; path = AppDelegate.m; sourceTree = "<group>"; };
		6B3DFC101C635740009D96D4 /* SearchViewController.h */ = {isa = PBXFileReference; lastKnownFileType = sourcecode.c.h; path = SearchViewController.h; sourceTree = "<group>"; };
		6B3DFC111C635740009D96D4 /* SearchViewController.m */ = {isa = PBXFileReference; lastKnownFileType = sourcecode.c.objc; path = SearchViewController.m; sourceTree = "<group>"; };
		6B3DFC131C635740009D96D4 /* SecondViewController.h */ = {isa = PBXFileReference; lastKnownFileType = sourcecode.c.h; path = SecondViewController.h; sourceTree = "<group>"; };
		6B3DFC141C635740009D96D4 /* SecondViewController.m */ = {isa = PBXFileReference; lastKnownFileType = sourcecode.c.objc; path = SecondViewController.m; sourceTree = "<group>"; };
		6B3DFC171C635740009D96D4 /* Base */ = {isa = PBXFileReference; lastKnownFileType = file.storyboard; name = Base; path = Base.lproj/Main.storyboard; sourceTree = "<group>"; };
		6B3DFC191C635740009D96D4 /* Assets.xcassets */ = {isa = PBXFileReference; lastKnownFileType = folder.assetcatalog; path = Assets.xcassets; sourceTree = "<group>"; };
		6B3DFC1C1C635740009D96D4 /* Base */ = {isa = PBXFileReference; lastKnownFileType = file.storyboard; name = Base; path = Base.lproj/LaunchScreen.storyboard; sourceTree = "<group>"; };
		6B3DFC1E1C635740009D96D4 /* Info.plist */ = {isa = PBXFileReference; lastKnownFileType = text.plist.xml; path = Info.plist; sourceTree = "<group>"; };
		6B3DFC231C635740009D96D4 /* youtube-searcherTests.xctest */ = {isa = PBXFileReference; explicitFileType = wrapper.cfbundle; includeInIndex = 0; path = "youtube-searcherTests.xctest"; sourceTree = BUILT_PRODUCTS_DIR; };
		6B3DFC271C635740009D96D4 /* youtube_searcherTests.m */ = {isa = PBXFileReference; lastKnownFileType = sourcecode.c.objc; path = youtube_searcherTests.m; sourceTree = "<group>"; };
		6B3DFC291C635740009D96D4 /* Info.plist */ = {isa = PBXFileReference; lastKnownFileType = text.plist.xml; path = Info.plist; sourceTree = "<group>"; };
		6B3DFC351C636AA9009D96D4 /* DropDownMenu.xib */ = {isa = PBXFileReference; fileEncoding = 4; lastKnownFileType = file.xib; path = DropDownMenu.xib; sourceTree = "<group>"; };
		6B3DFC3F1C637022009D96D4 /* DropDownMenu.h */ = {isa = PBXFileReference; fileEncoding = 4; lastKnownFileType = sourcecode.c.h; path = DropDownMenu.h; sourceTree = "<group>"; };
		6B3DFC401C637022009D96D4 /* DropDownMenu.m */ = {isa = PBXFileReference; fileEncoding = 4; lastKnownFileType = sourcecode.c.objc; path = DropDownMenu.m; sourceTree = "<group>"; };
/* End PBXFileReference section */

/* Begin PBXFrameworksBuildPhase section */
		6B3DFC041C635740009D96D4 /* Frameworks */ = {
			isa = PBXFrameworksBuildPhase;
			buildActionMask = 2147483647;
			files = (
			);
			runOnlyForDeploymentPostprocessing = 0;
		};
		6B3DFC201C635740009D96D4 /* Frameworks */ = {
			isa = PBXFrameworksBuildPhase;
			buildActionMask = 2147483647;
			files = (
			);
			runOnlyForDeploymentPostprocessing = 0;
		};
/* End PBXFrameworksBuildPhase section */

/* Begin PBXGroup section */
		6B2D01121C6566E10058B110 /* Models */ = {
			isa = PBXGroup;
			children = (
				6B2D01131C6567030058B110 /* VideoQueryModel.h */,
				6B2D01141C6567030058B110 /* VideoQueryModel.m */,
			);
			name = Models;
			sourceTree = "<group>";
		};
		6B2D01161C65738F0058B110 /* Helpers */ = {
			isa = PBXGroup;
			children = (
				6B2D01171C6573BB0058B110 /* PropertyExtractor.h */,
				6B2D01181C6573BB0058B110 /* PropertyExtractor.m */,
			);
			name = Helpers;
			sourceTree = "<group>";
		};
		6B3DFBFE1C635740009D96D4 = {
			isa = PBXGroup;
			children = (
				6B3DFC091C635740009D96D4 /* youtube-searcher */,
				6B3DFC261C635740009D96D4 /* youtube-searcherTests */,
				6B3DFC081C635740009D96D4 /* Products */,
			);
			sourceTree = "<group>";
		};
		6B3DFC081C635740009D96D4 /* Products */ = {
			isa = PBXGroup;
			children = (
				6B3DFC071C635740009D96D4 /* youtube-searcher.app */,
				6B3DFC231C635740009D96D4 /* youtube-searcherTests.xctest */,
			);
			name = Products;
			sourceTree = "<group>";
		};
		6B3DFC091C635740009D96D4 /* youtube-searcher */ = {
			isa = PBXGroup;
			children = (
				6B2D01161C65738F0058B110 /* Helpers */,
				6B2D01121C6566E10058B110 /* Models */,
				6B3DFC341C6369C3009D96D4 /* Views */,
				6B3DFC0D1C635740009D96D4 /* AppDelegate.h */,
				6B3DFC0E1C635740009D96D4 /* AppDelegate.m */,
				6B3DFC331C6369B1009D96D4 /* ViewControllers */,
				6B3DFC161C635740009D96D4 /* Main.storyboard */,
				6B3DFC191C635740009D96D4 /* Assets.xcassets */,
				6B3DFC1B1C635740009D96D4 /* LaunchScreen.storyboard */,
				6B3DFC1E1C635740009D96D4 /* Info.plist */,
				6B3DFC0A1C635740009D96D4 /* Supporting Files */,
			);
			path = "youtube-searcher";
			sourceTree = "<group>";
		};
		6B3DFC0A1C635740009D96D4 /* Supporting Files */ = {
			isa = PBXGroup;
			children = (
				6B3DFC0B1C635740009D96D4 /* main.m */,
			);
			name = "Supporting Files";
			sourceTree = "<group>";
		};
		6B3DFC261C635740009D96D4 /* youtube-searcherTests */ = {
			isa = PBXGroup;
			children = (
				6B3DFC271C635740009D96D4 /* youtube_searcherTests.m */,
				6B3DFC291C635740009D96D4 /* Info.plist */,
			);
			path = "youtube-searcherTests";
			sourceTree = "<group>";
		};
		6B3DFC331C6369B1009D96D4 /* ViewControllers */ = {
			isa = PBXGroup;
			children = (
				6B3DFC101C635740009D96D4 /* SearchViewController.h */,
				6B3DFC111C635740009D96D4 /* SearchViewController.m */,
				6B3DFC131C635740009D96D4 /* SecondViewController.h */,
				6B3DFC141C635740009D96D4 /* SecondViewController.m */,
			);
			name = ViewControllers;
			sourceTree = "<group>";
		};
		6B3DFC341C6369C3009D96D4 /* Views */ = {
			isa = PBXGroup;
			children = (
				6B3DFC351C636AA9009D96D4 /* DropDownMenu.xib */,
				6B3DFC3F1C637022009D96D4 /* DropDownMenu.h */,
				6B3DFC401C637022009D96D4 /* DropDownMenu.m */,
			);
			name = Views;
			sourceTree = "<group>";
		};
/* End PBXGroup section */

/* Begin PBXNativeTarget section */
		6B3DFC061C635740009D96D4 /* youtube-searcher */ = {
			isa = PBXNativeTarget;
			buildConfigurationList = 6B3DFC2C1C635740009D96D4 /* Build configuration list for PBXNativeTarget "youtube-searcher" */;
			buildPhases = (
				6B3DFC031C635740009D96D4 /* Sources */,
				6B3DFC041C635740009D96D4 /* Frameworks */,
				6B3DFC051C635740009D96D4 /* Resources */,
			);
			buildRules = (
			);
			dependencies = (
			);
			name = "youtube-searcher";
			productName = "youtube-searcher";
			productReference = 6B3DFC071C635740009D96D4 /* youtube-searcher.app */;
			productType = "com.apple.product-type.application";
		};
		6B3DFC221C635740009D96D4 /* youtube-searcherTests */ = {
			isa = PBXNativeTarget;
			buildConfigurationList = 6B3DFC2F1C635740009D96D4 /* Build configuration list for PBXNativeTarget "youtube-searcherTests" */;
			buildPhases = (
				6B3DFC1F1C635740009D96D4 /* Sources */,
				6B3DFC201C635740009D96D4 /* Frameworks */,
				6B3DFC211C635740009D96D4 /* Resources */,
			);
			buildRules = (
			);
			dependencies = (
				6B3DFC251C635740009D96D4 /* PBXTargetDependency */,
			);
			name = "youtube-searcherTests";
			productName = "youtube-searcherTests";
			productReference = 6B3DFC231C635740009D96D4 /* youtube-searcherTests.xctest */;
			productType = "com.apple.product-type.bundle.unit-test";
		};
/* End PBXNativeTarget section */

/* Begin PBXProject section */
		6B3DFBFF1C635740009D96D4 /* Project object */ = {
			isa = PBXProject;
			attributes = {
				LastUpgradeCheck = 0730;
				ORGANIZATIONNAME = "Peter Velkov";
				TargetAttributes = {
					6B3DFC061C635740009D96D4 = {
						CreatedOnToolsVersion = 7.3;
						DevelopmentTeam = Y7Z543YMUW;
					};
					6B3DFC221C635740009D96D4 = {
						CreatedOnToolsVersion = 7.3;
						DevelopmentTeam = Y7Z543YMUW;
						TestTargetID = 6B3DFC061C635740009D96D4;
					};
				};
			};
			buildConfigurationList = 6B3DFC021C635740009D96D4 /* Build configuration list for PBXProject "youtube-searcher" */;
			compatibilityVersion = "Xcode 3.2";
			developmentRegion = English;
			hasScannedForEncodings = 0;
			knownRegions = (
				en,
				Base,
			);
			mainGroup = 6B3DFBFE1C635740009D96D4;
			productRefGroup = 6B3DFC081C635740009D96D4 /* Products */;
			projectDirPath = "";
			projectRoot = "";
			targets = (
				6B3DFC061C635740009D96D4 /* youtube-searcher */,
				6B3DFC221C635740009D96D4 /* youtube-searcherTests */,
			);
		};
/* End PBXProject section */

/* Begin PBXResourcesBuildPhase section */
		6B3DFC051C635740009D96D4 /* Resources */ = {
			isa = PBXResourcesBuildPhase;
			buildActionMask = 2147483647;
			files = (
				6B3DFC1D1C635740009D96D4 /* LaunchScreen.storyboard in Resources */,
				6B3DFC1A1C635740009D96D4 /* Assets.xcassets in Resources */,
				6B3DFC181C635740009D96D4 /* Main.storyboard in Resources */,
				6B3DFC361C636AA9009D96D4 /* DropDownMenu.xib in Resources */,
			);
			runOnlyForDeploymentPostprocessing = 0;
		};
		6B3DFC211C635740009D96D4 /* Resources */ = {
			isa = PBXResourcesBuildPhase;
			buildActionMask = 2147483647;
			files = (
			);
			runOnlyForDeploymentPostprocessing = 0;
		};
/* End PBXResourcesBuildPhase section */

/* Begin PBXSourcesBuildPhase section */
		6B3DFC031C635740009D96D4 /* Sources */ = {
			isa = PBXSourcesBuildPhase;
			buildActionMask = 2147483647;
			files = (
				6B2D01151C6567030058B110 /* VideoQueryModel.m in Sources */,
				6B3DFC411C637022009D96D4 /* DropDownMenu.m in Sources */,
				6B3DFC151C635740009D96D4 /* SecondViewController.m in Sources */,
				6B3DFC0F1C635740009D96D4 /* AppDelegate.m in Sources */,
				6B3DFC121C635740009D96D4 /* SearchViewController.m in Sources */,
				6B3DFC0C1C635740009D96D4 /* main.m in Sources */,
				6B2D01191C6573BB0058B110 /* PropertyExtractor.m in Sources */,
			);
			runOnlyForDeploymentPostprocessing = 0;
		};
		6B3DFC1F1C635740009D96D4 /* Sources */ = {
			isa = PBXSourcesBuildPhase;
			buildActionMask = 2147483647;
			files = (
				6B3DFC281C635740009D96D4 /* youtube_searcherTests.m in Sources */,
			);
			runOnlyForDeploymentPostprocessing = 0;
		};
/* End PBXSourcesBuildPhase section */

/* Begin PBXTargetDependency section */
		6B3DFC251C635740009D96D4 /* PBXTargetDependency */ = {
			isa = PBXTargetDependency;
			target = 6B3DFC061C635740009D96D4 /* youtube-searcher */;
			targetProxy = 6B3DFC241C635740009D96D4 /* PBXContainerItemProxy */;
		};
/* End PBXTargetDependency section */

/* Begin PBXVariantGroup section */
		6B3DFC161C635740009D96D4 /* Main.storyboard */ = {
			isa = PBXVariantGroup;
			children = (
				6B3DFC171C635740009D96D4 /* Base */,
			);
			name = Main.storyboard;
			sourceTree = "<group>";
		};
		6B3DFC1B1C635740009D96D4 /* LaunchScreen.storyboard */ = {
			isa = PBXVariantGroup;
			children = (
				6B3DFC1C1C635740009D96D4 /* Base */,
			);
			name = LaunchScreen.storyboard;
			sourceTree = "<group>";
		};
/* End PBXVariantGroup section */

/* Begin XCBuildConfiguration section */
		6B3DFC2A1C635740009D96D4 /* Debug */ = {
			isa = XCBuildConfiguration;
			buildSettings = {
				ALWAYS_SEARCH_USER_PATHS = NO;
				CLANG_CXX_LANGUAGE_STANDARD = "gnu++0x";
				CLANG_CXX_LIBRARY = "libc++";
				CLANG_ENABLE_MODULES = YES;
				CLANG_ENABLE_OBJC_ARC = YES;
				CLANG_WARN_BOOL_CONVERSION = YES;
				CLANG_WARN_CONSTANT_CONVERSION = YES;
				CLANG_WARN_DIRECT_OBJC_ISA_USAGE = YES_ERROR;
				CLANG_WARN_EMPTY_BODY = YES;
				CLANG_WARN_ENUM_CONVERSION = YES;
				CLANG_WARN_INT_CONVERSION = YES;
				CLANG_WARN_OBJC_ROOT_CLASS = YES_ERROR;
				CLANG_WARN_UNREACHABLE_CODE = YES;
				CLANG_WARN__DUPLICATE_METHOD_MATCH = YES;
				"CODE_SIGN_IDENTITY[sdk=iphoneos*]" = "iPhone Developer";
				COPY_PHASE_STRIP = NO;
				DEBUG_INFORMATION_FORMAT = dwarf;
				ENABLE_STRICT_OBJC_MSGSEND = YES;
				ENABLE_TESTABILITY = YES;
				GCC_C_LANGUAGE_STANDARD = gnu99;
				GCC_DYNAMIC_NO_PIC = NO;
				GCC_NO_COMMON_BLOCKS = YES;
				GCC_OPTIMIZATION_LEVEL = 0;
				GCC_PREPROCESSOR_DEFINITIONS = (
					"DEBUG=1",
					"$(inherited)",
				);
				GCC_WARN_64_TO_32_BIT_CONVERSION = YES;
				GCC_WARN_ABOUT_RETURN_TYPE = YES_ERROR;
				GCC_WARN_UNDECLARED_SELECTOR = YES;
				GCC_WARN_UNINITIALIZED_AUTOS = YES_AGGRESSIVE;
				GCC_WARN_UNUSED_FUNCTION = YES;
				GCC_WARN_UNUSED_VARIABLE = YES;
				IPHONEOS_DEPLOYMENT_TARGET = 9.3;
				MTL_ENABLE_DEBUG_INFO = YES;
				ONLY_ACTIVE_ARCH = YES;
				SDKROOT = iphoneos;
				TARGETED_DEVICE_FAMILY = "1,2";
			};
			name = Debug;
		};
		6B3DFC2B1C635740009D96D4 /* Release */ = {
			isa = XCBuildConfiguration;
			buildSettings = {
				ALWAYS_SEARCH_USER_PATHS = NO;
				CLANG_CXX_LANGUAGE_STANDARD = "gnu++0x";
				CLANG_CXX_LIBRARY = "libc++";
				CLANG_ENABLE_MODULES = YES;
				CLANG_ENABLE_OBJC_ARC = YES;
				CLANG_WARN_BOOL_CONVERSION = YES;
				CLANG_WARN_CONSTANT_CONVERSION = YES;
				CLANG_WARN_DIRECT_OBJC_ISA_USAGE = YES_ERROR;
				CLANG_WARN_EMPTY_BODY = YES;
				CLANG_WARN_ENUM_CONVERSION = YES;
				CLANG_WARN_INT_CONVERSION = YES;
				CLANG_WARN_OBJC_ROOT_CLASS = YES_ERROR;
				CLANG_WARN_UNREACHABLE_CODE = YES;
				CLANG_WARN__DUPLICATE_METHOD_MATCH = YES;
				"CODE_SIGN_IDENTITY[sdk=iphoneos*]" = "iPhone Developer";
				COPY_PHASE_STRIP = NO;
				DEBUG_INFORMATION_FORMAT = "dwarf-with-dsym";
				ENABLE_NS_ASSERTIONS = NO;
				ENABLE_STRICT_OBJC_MSGSEND = YES;
				GCC_C_LANGUAGE_STANDARD = gnu99;
				GCC_NO_COMMON_BLOCKS = YES;
				GCC_WARN_64_TO_32_BIT_CONVERSION = YES;
				GCC_WARN_ABOUT_RETURN_TYPE = YES_ERROR;
				GCC_WARN_UNDECLARED_SELECTOR = YES;
				GCC_WARN_UNINITIALIZED_AUTOS = YES_AGGRESSIVE;
				GCC_WARN_UNUSED_FUNCTION = YES;
				GCC_WARN_UNUSED_VARIABLE = YES;
				IPHONEOS_DEPLOYMENT_TARGET = 9.3;
				MTL_ENABLE_DEBUG_INFO = NO;
				SDKROOT = iphoneos;
				TARGETED_DEVICE_FAMILY = "1,2";
				VALIDATE_PRODUCT = YES;
			};
			name = Release;
		};
		6B3DFC2D1C635740009D96D4 /* Debug */ = {
			isa = XCBuildConfiguration;
			buildSettings = {
				ASSETCATALOG_COMPILER_APPICON_NAME = AppIcon;
				INFOPLIST_FILE = "youtube-searcher/Info.plist";
				LD_RUNPATH_SEARCH_PATHS = "$(inherited) @executable_path/Frameworks";
				PRODUCT_BUNDLE_IDENTIFIER = "com.example.youtube-searcher";
				PRODUCT_NAME = "$(TARGET_NAME)";
			};
			name = Debug;
		};
		6B3DFC2E1C635740009D96D4 /* Release */ = {
			isa = XCBuildConfiguration;
			buildSettings = {
				ASSETCATALOG_COMPILER_APPICON_NAME = AppIcon;
				INFOPLIST_FILE = "youtube-searcher/Info.plist";
				LD_RUNPATH_SEARCH_PATHS = "$(inherited) @executable_path/Frameworks";
				PRODUCT_BUNDLE_IDENTIFIER = "com.example.youtube-searcher";
				PRODUCT_NAME = "$(TARGET_NAME)";
			};
			name = Release;
		};
		6B3DFC301C635740009D96D4 /* Debug */ = {
			isa = XCBuildConfiguration;
			buildSettings = {
				BUNDLE_LOADER = "$(TEST_HOST)";
				INFOPLIST_FILE = "youtube-searcherTests/Info.plist";
				LD_RUNPATH_SEARCH_PATHS = "$(inherited) @executable_path/Frameworks @loader_path/Frameworks";
				PRODUCT_BUNDLE_IDENTIFIER = "com.example.youtube-searcherTests";
				PRODUCT_NAME = "$(TARGET_NAME)";
				TEST_HOST = "$(BUILT_PRODUCTS_DIR)/youtube-searcher.app/youtube-searcher";
			};
			name = Debug;
		};
		6B3DFC311C635740009D96D4 /* Release */ = {
			isa = XCBuildConfiguration;
			buildSettings = {
				BUNDLE_LOADER = "$(TEST_HOST)";
				INFOPLIST_FILE = "youtube-searcherTests/Info.plist";
				LD_RUNPATH_SEARCH_PATHS = "$(inherited) @executable_path/Frameworks @loader_path/Frameworks";
				PRODUCT_BUNDLE_IDENTIFIER = "com.example.youtube-searcherTests";
				PRODUCT_NAME = "$(TARGET_NAME)";
				TEST_HOST = "$(BUILT_PRODUCTS_DIR)/youtube-searcher.app/youtube-searcher";
			};
			name = Release;
		};
/* End XCBuildConfiguration section */

/* Begin XCConfigurationList section */
		6B3DFC021C635740009D96D4 /* Build configuration list for PBXProject "youtube-searcher" */ = {
			isa = XCConfigurationList;
			buildConfigurations = (
				6B3DFC2A1C635740009D96D4 /* Debug */,
				6B3DFC2B1C635740009D96D4 /* Release */,
			);
			defaultConfigurationIsVisible = 0;
			defaultConfigurationName = Release;
		};
		6B3DFC2C1C635740009D96D4 /* Build configuration list for PBXNativeTarget "youtube-searcher" */ = {
			isa = XCConfigurationList;
			buildConfigurations = (
				6B3DFC2D1C635740009D96D4 /* Debug */,
				6B3DFC2E1C635740009D96D4 /* Release */,
			);
			defaultConfigurationIsVisible = 0;
			defaultConfigurationName = Release;
		};
		6B3DFC2F1C635740009D96D4 /* Build configuration list for PBXNativeTarget "youtube-searcherTests" */ = {
			isa = XCConfigurationList;
			buildConfigurations = (
				6B3DFC301C635740009D96D4 /* Debug */,
				6B3DFC311C635740009D96D4 /* Release */,
			);
			defaultConfigurationIsVisible = 0;
			defaultConfigurationName = Release;
		};
/* End XCConfigurationList section */
	};
	rootObject = 6B3DFBFF1C635740009D96D4 /* Project object */;
}
