// !$*UTF8*$!
{
	archiveVersion = 1;
	classes = {
	};
	objectVersion = 47;
	objects = {

/* Begin PBXBuildFile section */
		6B2D01151C6567030058B110 /* VideoQueryModel.m in Sources */ = {isa = PBXBuildFile; fileRef = 6B2D01141C6567030058B110 /* VideoQueryModel.m */; };
		6B2D01191C6573BB0058B110 /* PropertyExtractor.m in Sources */ = {isa = PBXBuildFile; fileRef = 6B2D01181C6573BB0058B110 /* PropertyExtractor.m */; };
		6B3DFC0C1C635740009D96D4 /* main.m in Sources */ = {isa = PBXBuildFile; fileRef = 6B3DFC0B1C635740009D96D4 /* main.m */; };
		6B3DFC0F1C635740009D96D4 /* AppDelegate.m in Sources */ = {isa = PBXBuildFile; fileRef = 6B3DFC0E1C635740009D96D4 /* AppDelegate.m */; };
		6B3DFC121C635740009D96D4 /* SearchViewController.m in Sources */ = {isa = PBXBuildFile; fileRef = 6B3DFC111C635740009D96D4 /* SearchViewController.m */; };
		6B3DFC1A1C635740009D96D4 /* Assets.xcassets in Resources */ = {isa = PBXBuildFile; fileRef = 6B3DFC191C635740009D96D4 /* Assets.xcassets */; };
		6B3DFC1D1C635740009D96D4 /* LaunchScreen.storyboard in Resources */ = {isa = PBXBuildFile; fileRef = 6B3DFC1B1C635740009D96D4 /* LaunchScreen.storyboard */; };
		6B3DFC281C635740009D96D4 /* youtube_searcherTests.m in Sources */ = {isa = PBXBuildFile; fileRef = 6B3DFC271C635740009D96D4 /* youtube_searcherTests.m */; };
		6B3DFC361C636AA9009D96D4 /* DropDownMenu.xib in Resources */ = {isa = PBXBuildFile; fileRef = 6B3DFC351C636AA9009D96D4 /* DropDownMenu.xib */; };
		6B3DFC411C637022009D96D4 /* DropDownMenu.m in Sources */ = {isa = PBXBuildFile; fileRef = 6B3DFC401C637022009D96D4 /* DropDownMenu.m */; };
		6B436D241C67B69F0043828C /* VideoResultCell.xib in Resources */ = {isa = PBXBuildFile; fileRef = 6B436D231C67B69F0043828C /* VideoResultCell.xib */; };
		6B436D2A1C67B7DE0043828C /* VideoResultCell.swift in Sources */ = {isa = PBXBuildFile; fileRef = 6B436D291C67B7DE0043828C /* VideoResultCell.swift */; };
		6B436D2C1C67C1530043828C /* VideoResultTableViewController.swift in Sources */ = {isa = PBXBuildFile; fileRef = 6B436D2B1C67C1530043828C /* VideoResultTableViewController.swift */; };
		6B436D2E1C6829990043828C /* LoadingCell.swift in Sources */ = {isa = PBXBuildFile; fileRef = 6B436D2D1C6829990043828C /* LoadingCell.swift */; };
		6B436D311C6829C20043828C /* LoadingCell.xib in Resources */ = {isa = PBXBuildFile; fileRef = 6B436D301C6829C20043828C /* LoadingCell.xib */; };
		6B436D351C68335C0043828C /* YTPlayerView.m in Sources */ = {isa = PBXBuildFile; fileRef = 6B436D341C68335C0043828C /* YTPlayerView.m */; };
		6B436D371C6833EF0043828C /* Assets.bundle in Resources */ = {isa = PBXBuildFile; fileRef = 6B436D361C6833EF0043828C /* Assets.bundle */; };
		6B436D3B1C6835950043828C /* VideoPlayerViewController.m in Sources */ = {isa = PBXBuildFile; fileRef = 6B436D3A1C6835950043828C /* VideoPlayerViewController.m */; };
		6B436D401C684B320043828C /* CoreData.framework in Frameworks */ = {isa = PBXBuildFile; fileRef = 6B436D3F1C684B320043828C /* CoreData.framework */; };
		6B436D691C684F700043828C /* youtube-searcher.xcdatamodeld in Sources */ = {isa = PBXBuildFile; fileRef = 6B436D671C684F700043828C /* youtube-searcher.xcdatamodeld */; };
		6B54C2BC1C6A9B5900714B56 /* PlaylistMO+CoreDataProperties.m in Sources */ = {isa = PBXBuildFile; fileRef = 6B54C2B51C6A9B5900714B56 /* PlaylistMO+CoreDataProperties.m */; };
		6B54C2BD1C6A9B5900714B56 /* PlaylistMO.m in Sources */ = {isa = PBXBuildFile; fileRef = 6B54C2B71C6A9B5900714B56 /* PlaylistMO.m */; };
		6B54C2BE1C6A9B5900714B56 /* VideoMO+CoreDataProperties.m in Sources */ = {isa = PBXBuildFile; fileRef = 6B54C2B91C6A9B5900714B56 /* VideoMO+CoreDataProperties.m */; };
		6B54C2BF1C6A9B5900714B56 /* VideoMO.m in Sources */ = {isa = PBXBuildFile; fileRef = 6B54C2BB1C6A9B5900714B56 /* VideoMO.m */; };
		6B54C2C31C6AA94B00714B56 /* PlaylistDetailsTableViewController.m in Sources */ = {isa = PBXBuildFile; fileRef = 6B54C2C21C6AA94B00714B56 /* PlaylistDetailsTableViewController.m */; };
		6B5D06AF1C69F54D00B2F761 /* CoreDataRequester.m in Sources */ = {isa = PBXBuildFile; fileRef = 6B5D06AE1C69F54D00B2F761 /* CoreDataRequester.m */; };
		6B5D06B61C6A3E0E00B2F761 /* SavedPlaylistsTableViewController.m in Sources */ = {isa = PBXBuildFile; fileRef = 6B5D06B51C6A3E0E00B2F761 /* SavedPlaylistsTableViewController.m */; };
		6B890DAC1C664D0400551FFF /* PagedVideoCollectionResult.m in Sources */ = {isa = PBXBuildFile; fileRef = 6B890DAB1C664D0400551FFF /* PagedVideoCollectionResult.m */; };
		6B890DB11C664E1F00551FFF /* PageInfo.m in Sources */ = {isa = PBXBuildFile; fileRef = 6B890DB01C664E1F00551FFF /* PageInfo.m */; };
		6B890DB51C664EBC00551FFF /* VideoItemResult.m in Sources */ = {isa = PBXBuildFile; fileRef = 6B890DB41C664EBC00551FFF /* VideoItemResult.m */; };
		6B890DB81C66525900551FFF /* DataHandler.m in Sources */ = {isa = PBXBuildFile; fileRef = 6B890DB71C66525900551FFF /* DataHandler.m */; };
		6B890DBE1C66741A00551FFF /* AppStart.m in Sources */ = {isa = PBXBuildFile; fileRef = 6B890DBD1C66741A00551FFF /* AppStart.m */; };
		6BC831331C6ADAA9002D1309 /* Main.storyboard in Resources */ = {isa = PBXBuildFile; fileRef = 6BC831311C6ADAA9002D1309 /* Main.storyboard */; };
		6BC831361C6AECC5002D1309 /* CommonTableViewController.m in Sources */ = {isa = PBXBuildFile; fileRef = 6BC831351C6AECC5002D1309 /* CommonTableViewController.m */; };
		6BF84F001C65F11F00C8DE59 /* HttpRequester.m in Sources */ = {isa = PBXBuildFile; fileRef = 6BF84EFF1C65F11F00C8DE59 /* HttpRequester.m */; };
/* End PBXBuildFile section */

/* Begin PBXContainerItemProxy section */
		6B3DFC241C635740009D96D4 /* PBXContainerItemProxy */ = {
			isa = PBXContainerItemProxy;
			containerPortal = 6B3DFBFF1C635740009D96D4 /* Project object */;
			proxyType = 1;
			remoteGlobalIDString = 6B3DFC061C635740009D96D4;
			remoteInfo = "youtube-searcher";
		};
/* End PBXContainerItemProxy section */

/* Begin PBXFileReference section */
		6B2D01131C6567030058B110 /* VideoQueryModel.h */ = {isa = PBXFileReference; fileEncoding = 4; lastKnownFileType = sourcecode.c.h; path = VideoQueryModel.h; sourceTree = "<group>"; };
		6B2D01141C6567030058B110 /* VideoQueryModel.m */ = {isa = PBXFileReference; fileEncoding = 4; lastKnownFileType = sourcecode.c.objc; path = VideoQueryModel.m; sourceTree = "<group>"; };
		6B2D01171C6573BB0058B110 /* PropertyExtractor.h */ = {isa = PBXFileReference; fileEncoding = 4; lastKnownFileType = sourcecode.c.h; path = PropertyExtractor.h; sourceTree = "<group>"; };
		6B2D01181C6573BB0058B110 /* PropertyExtractor.m */ = {isa = PBXFileReference; fileEncoding = 4; lastKnownFileType = sourcecode.c.objc; path = PropertyExtractor.m; sourceTree = "<group>"; };
		6B3DFC071C635740009D96D4 /* youtube-searcher.app */ = {isa = PBXFileReference; explicitFileType = wrapper.application; includeInIndex = 0; path = "youtube-searcher.app"; sourceTree = BUILT_PRODUCTS_DIR; };
		6B3DFC0B1C635740009D96D4 /* main.m */ = {isa = PBXFileReference; lastKnownFileType = sourcecode.c.objc; path = main.m; sourceTree = "<group>"; };
		6B3DFC0D1C635740009D96D4 /* AppDelegate.h */ = {isa = PBXFileReference; lastKnownFileType = sourcecode.c.h; path = AppDelegate.h; sourceTree = "<group>"; };
		6B3DFC0E1C635740009D96D4 /* AppDelegate.m */ = {isa = PBXFileReference; lastKnownFileType = sourcecode.c.objc; path = AppDelegate.m; sourceTree = "<group>"; };
		6B3DFC101C635740009D96D4 /* SearchViewController.h */ = {isa = PBXFileReference; lastKnownFileType = sourcecode.c.h; path = SearchViewController.h; sourceTree = "<group>"; };
		6B3DFC111C635740009D96D4 /* SearchViewController.m */ = {isa = PBXFileReference; lastKnownFileType = sourcecode.c.objc; path = SearchViewController.m; sourceTree = "<group>"; };
		6B3DFC191C635740009D96D4 /* Assets.xcassets */ = {isa = PBXFileReference; lastKnownFileType = folder.assetcatalog; path = Assets.xcassets; sourceTree = "<group>"; };
		6B3DFC1C1C635740009D96D4 /* Base */ = {isa = PBXFileReference; lastKnownFileType = file.storyboard; name = Base; path = Base.lproj/LaunchScreen.storyboard; sourceTree = "<group>"; };
		6B3DFC1E1C635740009D96D4 /* Info.plist */ = {isa = PBXFileReference; lastKnownFileType = text.plist.xml; path = Info.plist; sourceTree = "<group>"; };
		6B3DFC231C635740009D96D4 /* youtube-searcherTests.xctest */ = {isa = PBXFileReference; explicitFileType = wrapper.cfbundle; includeInIndex = 0; path = "youtube-searcherTests.xctest"; sourceTree = BUILT_PRODUCTS_DIR; };
		6B3DFC271C635740009D96D4 /* youtube_searcherTests.m */ = {isa = PBXFileReference; lastKnownFileType = sourcecode.c.objc; path = youtube_searcherTests.m; sourceTree = "<group>"; };
		6B3DFC291C635740009D96D4 /* Info.plist */ = {isa = PBXFileReference; lastKnownFileType = text.plist.xml; path = Info.plist; sourceTree = "<group>"; };
		6B3DFC351C636AA9009D96D4 /* DropDownMenu.xib */ = {isa = PBXFileReference; fileEncoding = 4; lastKnownFileType = file.xib; path = DropDownMenu.xib; sourceTree = "<group>"; };
		6B3DFC3F1C637022009D96D4 /* DropDownMenu.h */ = {isa = PBXFileReference; fileEncoding = 4; lastKnownFileType = sourcecode.c.h; path = DropDownMenu.h; sourceTree = "<group>"; };
		6B3DFC401C637022009D96D4 /* DropDownMenu.m */ = {isa = PBXFileReference; fileEncoding = 4; lastKnownFileType = sourcecode.c.objc; path = DropDownMenu.m; sourceTree = "<group>"; };
		6B436D231C67B69F0043828C /* VideoResultCell.xib */ = {isa = PBXFileReference; fileEncoding = 4; lastKnownFileType = file.xib; path = VideoResultCell.xib; sourceTree = "<group>"; };
		6B436D281C67B7DE0043828C /* youtube-searcher-Bridging-Header.h */ = {isa = PBXFileReference; lastKnownFileType = sourcecode.c.h; path = "youtube-searcher-Bridging-Header.h"; sourceTree = "<group>"; };
		6B436D291C67B7DE0043828C /* VideoResultCell.swift */ = {isa = PBXFileReference; fileEncoding = 4; lastKnownFileType = sourcecode.swift; path = VideoResultCell.swift; sourceTree = "<group>"; };
		6B436D2B1C67C1530043828C /* VideoResultTableViewController.swift */ = {isa = PBXFileReference; fileEncoding = 4; lastKnownFileType = sourcecode.swift; path = VideoResultTableViewController.swift; sourceTree = "<group>"; };
		6B436D2D1C6829990043828C /* LoadingCell.swift */ = {isa = PBXFileReference; fileEncoding = 4; lastKnownFileType = sourcecode.swift; path = LoadingCell.swift; sourceTree = "<group>"; };
		6B436D301C6829C20043828C /* LoadingCell.xib */ = {isa = PBXFileReference; fileEncoding = 4; lastKnownFileType = file.xib; path = LoadingCell.xib; sourceTree = "<group>"; };
		6B436D331C68335C0043828C /* YTPlayerView.h */ = {isa = PBXFileReference; fileEncoding = 4; lastKnownFileType = sourcecode.c.h; path = YTPlayerView.h; sourceTree = "<group>"; };
		6B436D341C68335C0043828C /* YTPlayerView.m */ = {isa = PBXFileReference; fileEncoding = 4; lastKnownFileType = sourcecode.c.objc; path = YTPlayerView.m; sourceTree = "<group>"; };
		6B436D361C6833EF0043828C /* Assets.bundle */ = {isa = PBXFileReference; lastKnownFileType = "wrapper.plug-in"; path = Assets.bundle; sourceTree = "<group>"; };
		6B436D391C6835950043828C /* VideoPlayerViewController.h */ = {isa = PBXFileReference; fileEncoding = 4; lastKnownFileType = sourcecode.c.h; path = VideoPlayerViewController.h; sourceTree = "<group>"; };
		6B436D3A1C6835950043828C /* VideoPlayerViewController.m */ = {isa = PBXFileReference; fileEncoding = 4; lastKnownFileType = sourcecode.c.objc; path = VideoPlayerViewController.m; sourceTree = "<group>"; };
		6B436D3F1C684B320043828C /* CoreData.framework */ = {isa = PBXFileReference; lastKnownFileType = wrapper.framework; name = CoreData.framework; path = System/Library/Frameworks/CoreData.framework; sourceTree = SDKROOT; };
		6B436D681C684F700043828C /* youtube-searcher.xcdatamodel */ = {isa = PBXFileReference; lastKnownFileType = wrapper.xcdatamodel; path = "youtube-searcher.xcdatamodel"; sourceTree = "<group>"; };
		6B54C2B41C6A9B5900714B56 /* PlaylistMO+CoreDataProperties.h */ = {isa = PBXFileReference; fileEncoding = 4; lastKnownFileType = sourcecode.c.h; path = "PlaylistMO+CoreDataProperties.h"; sourceTree = "<group>"; };
		6B54C2B51C6A9B5900714B56 /* PlaylistMO+CoreDataProperties.m */ = {isa = PBXFileReference; fileEncoding = 4; lastKnownFileType = sourcecode.c.objc; path = "PlaylistMO+CoreDataProperties.m"; sourceTree = "<group>"; };
		6B54C2B61C6A9B5900714B56 /* PlaylistMO.h */ = {isa = PBXFileReference; fileEncoding = 4; lastKnownFileType = sourcecode.c.h; path = PlaylistMO.h; sourceTree = "<group>"; };
		6B54C2B71C6A9B5900714B56 /* PlaylistMO.m */ = {isa = PBXFileReference; fileEncoding = 4; lastKnownFileType = sourcecode.c.objc; path = PlaylistMO.m; sourceTree = "<group>"; };
		6B54C2B81C6A9B5900714B56 /* VideoMO+CoreDataProperties.h */ = {isa = PBXFileReference; fileEncoding = 4; lastKnownFileType = sourcecode.c.h; path = "VideoMO+CoreDataProperties.h"; sourceTree = "<group>"; };
		6B54C2B91C6A9B5900714B56 /* VideoMO+CoreDataProperties.m */ = {isa = PBXFileReference; fileEncoding = 4; lastKnownFileType = sourcecode.c.objc; path = "VideoMO+CoreDataProperties.m"; sourceTree = "<group>"; };
		6B54C2BA1C6A9B5900714B56 /* VideoMO.h */ = {isa = PBXFileReference; fileEncoding = 4; lastKnownFileType = sourcecode.c.h; path = VideoMO.h; sourceTree = "<group>"; };
		6B54C2BB1C6A9B5900714B56 /* VideoMO.m */ = {isa = PBXFileReference; fileEncoding = 4; lastKnownFileType = sourcecode.c.objc; path = VideoMO.m; sourceTree = "<group>"; };
		6B54C2C11C6AA94B00714B56 /* PlaylistDetailsTableViewController.h */ = {isa = PBXFileReference; fileEncoding = 4; lastKnownFileType = sourcecode.c.h; path = PlaylistDetailsTableViewController.h; sourceTree = "<group>"; };
		6B54C2C21C6AA94B00714B56 /* PlaylistDetailsTableViewController.m */ = {isa = PBXFileReference; fileEncoding = 4; lastKnownFileType = sourcecode.c.objc; path = PlaylistDetailsTableViewController.m; sourceTree = "<group>"; };
		6B5D06AD1C69F54D00B2F761 /* CoreDataRequester.h */ = {isa = PBXFileReference; fileEncoding = 4; lastKnownFileType = sourcecode.c.h; path = CoreDataRequester.h; sourceTree = "<group>"; };
		6B5D06AE1C69F54D00B2F761 /* CoreDataRequester.m */ = {isa = PBXFileReference; fileEncoding = 4; lastKnownFileType = sourcecode.c.objc; path = CoreDataRequester.m; sourceTree = "<group>"; };
		6B5D06B41C6A3E0E00B2F761 /* SavedPlaylistsTableViewController.h */ = {isa = PBXFileReference; fileEncoding = 4; lastKnownFileType = sourcecode.c.h; path = SavedPlaylistsTableViewController.h; sourceTree = "<group>"; };
		6B5D06B51C6A3E0E00B2F761 /* SavedPlaylistsTableViewController.m */ = {isa = PBXFileReference; fileEncoding = 4; lastKnownFileType = sourcecode.c.objc; path = SavedPlaylistsTableViewController.m; sourceTree = "<group>"; };
		6B890DAA1C664D0400551FFF /* PagedVideoCollectionResult.h */ = {isa = PBXFileReference; fileEncoding = 4; lastKnownFileType = sourcecode.c.h; path = PagedVideoCollectionResult.h; sourceTree = "<group>"; };
		6B890DAB1C664D0400551FFF /* PagedVideoCollectionResult.m */ = {isa = PBXFileReference; fileEncoding = 4; lastKnownFileType = sourcecode.c.objc; path = PagedVideoCollectionResult.m; sourceTree = "<group>"; };
		6B890DAF1C664E1F00551FFF /* PageInfo.h */ = {isa = PBXFileReference; fileEncoding = 4; lastKnownFileType = sourcecode.c.h; path = PageInfo.h; sourceTree = "<group>"; };
		6B890DB01C664E1F00551FFF /* PageInfo.m */ = {isa = PBXFileReference; fileEncoding = 4; lastKnownFileType = sourcecode.c.objc; path = PageInfo.m; sourceTree = "<group>"; };
		6B890DB31C664EBC00551FFF /* VideoItemResult.h */ = {isa = PBXFileReference; fileEncoding = 4; lastKnownFileType = sourcecode.c.h; path = VideoItemResult.h; sourceTree = "<group>"; };
		6B890DB41C664EBC00551FFF /* VideoItemResult.m */ = {isa = PBXFileReference; fileEncoding = 4; lastKnownFileType = sourcecode.c.objc; path = VideoItemResult.m; sourceTree = "<group>"; };
		6B890DB61C66525900551FFF /* DataHandler.h */ = {isa = PBXFileReference; fileEncoding = 4; lastKnownFileType = sourcecode.c.h; path = DataHandler.h; sourceTree = "<group>"; };
		6B890DB71C66525900551FFF /* DataHandler.m */ = {isa = PBXFileReference; fileEncoding = 4; lastKnownFileType = sourcecode.c.objc; path = DataHandler.m; sourceTree = "<group>"; };
		6B890DBA1C6661E200551FFF /* VideoItem_HttpExtensions.h */ = {isa = PBXFileReference; fileEncoding = 4; lastKnownFileType = sourcecode.c.h; path = VideoItem_HttpExtensions.h; sourceTree = "<group>"; };
		6B890DBB1C66661800551FFF /* PagedVideoCollection_HttpExtensions.h */ = {isa = PBXFileReference; fileEncoding = 4; lastKnownFileType = sourcecode.c.h; path = PagedVideoCollection_HttpExtensions.h; sourceTree = "<group>"; };
		6B890DBC1C66741A00551FFF /* AppStart.h */ = {isa = PBXFileReference; fileEncoding = 4; lastKnownFileType = sourcecode.c.h; path = AppStart.h; sourceTree = "<group>"; };
		6B890DBD1C66741A00551FFF /* AppStart.m */ = {isa = PBXFileReference; fileEncoding = 4; lastKnownFileType = sourcecode.c.objc; path = AppStart.m; sourceTree = "<group>"; };
		6BC831321C6ADAA9002D1309 /* Base */ = {isa = PBXFileReference; lastKnownFileType = file.storyboard; name = Base; path = "youtube-searcher/Base.lproj/Main.storyboard"; sourceTree = "<group>"; };
		6BC831341C6AECC5002D1309 /* CommonTableViewController.h */ = {isa = PBXFileReference; fileEncoding = 4; lastKnownFileType = sourcecode.c.h; path = CommonTableViewController.h; sourceTree = "<group>"; };
		6BC831351C6AECC5002D1309 /* CommonTableViewController.m */ = {isa = PBXFileReference; fileEncoding = 4; lastKnownFileType = sourcecode.c.objc; path = CommonTableViewController.m; sourceTree = "<group>"; };
		6BF84EFE1C65F11F00C8DE59 /* HttpRequester.h */ = {isa = PBXFileReference; fileEncoding = 4; lastKnownFileType = sourcecode.c.h; path = HttpRequester.h; sourceTree = "<group>"; };
		6BF84EFF1C65F11F00C8DE59 /* HttpRequester.m */ = {isa = PBXFileReference; fileEncoding = 4; lastKnownFileType = sourcecode.c.objc; path = HttpRequester.m; sourceTree = "<group>"; };
/* End PBXFileReference section */

/* Begin PBXFrameworksBuildPhase section */
		6B3DFC041C635740009D96D4 /* Frameworks */ = {
			isa = PBXFrameworksBuildPhase;
			buildActionMask = 2147483647;
			files = (
				6B436D401C684B320043828C /* CoreData.framework in Frameworks */,
			);
			runOnlyForDeploymentPostprocessing = 0;
		};
		6B3DFC201C635740009D96D4 /* Frameworks */ = {
			isa = PBXFrameworksBuildPhase;
			buildActionMask = 2147483647;
			files = (
			);
			runOnlyForDeploymentPostprocessing = 0;
		};
/* End PBXFrameworksBuildPhase section */

/* Begin PBXGroup section */
		6B2D01121C6566E10058B110 /* Models */ = {
			isa = PBXGroup;
			children = (
				6B5D06B01C6A16B100B2F761 /* CoreModels */,
				6B890DAD1C664DE500551FFF /* Response */,
				6B890DB21C664E9900551FFF /* Request */,
			);
			name = Models;
			sourceTree = "<group>";
		};
		6B2D01161C65738F0058B110 /* Helpers */ = {
			isa = PBXGroup;
			children = (
				6B2D01171C6573BB0058B110 /* PropertyExtractor.h */,
				6B2D01181C6573BB0058B110 /* PropertyExtractor.m */,
				6B890DBC1C66741A00551FFF /* AppStart.h */,
				6B890DBD1C66741A00551FFF /* AppStart.m */,
			);
			name = Helpers;
			sourceTree = "<group>";
		};
		6B3DFBFE1C635740009D96D4 = {
			isa = PBXGroup;
			children = (
				6B436D3F1C684B320043828C /* CoreData.framework */,
				6B3DFC091C635740009D96D4 /* youtube-searcher */,
				6B3DFC261C635740009D96D4 /* youtube-searcherTests */,
				6B3DFC081C635740009D96D4 /* Products */,
			);
			sourceTree = "<group>";
		};
		6B3DFC081C635740009D96D4 /* Products */ = {
			isa = PBXGroup;
			children = (
				6B3DFC071C635740009D96D4 /* youtube-searcher.app */,
				6B3DFC231C635740009D96D4 /* youtube-searcherTests.xctest */,
			);
			name = Products;
			sourceTree = "<group>";
		};
		6B3DFC091C635740009D96D4 /* youtube-searcher */ = {
			isa = PBXGroup;
			children = (
				6B436D381C68341E0043828C /* Player */,
				6BF84EFD1C65F0D900C8DE59 /* Data */,
				6B2D01161C65738F0058B110 /* Helpers */,
				6B3DFC341C6369C3009D96D4 /* Views */,
				6B3DFC0D1C635740009D96D4 /* AppDelegate.h */,
				6B3DFC0E1C635740009D96D4 /* AppDelegate.m */,
				6BC831311C6ADAA9002D1309 /* Main.storyboard */,
				6B3DFC331C6369B1009D96D4 /* ViewControllers */,
				6B3DFC191C635740009D96D4 /* Assets.xcassets */,
				6B3DFC1B1C635740009D96D4 /* LaunchScreen.storyboard */,
				6B3DFC1E1C635740009D96D4 /* Info.plist */,
				6B3DFC0A1C635740009D96D4 /* Supporting Files */,
			);
			path = "youtube-searcher";
			sourceTree = "<group>";
		};
		6B3DFC0A1C635740009D96D4 /* Supporting Files */ = {
			isa = PBXGroup;
			children = (
				6B436D281C67B7DE0043828C /* youtube-searcher-Bridging-Header.h */,
				6B3DFC0B1C635740009D96D4 /* main.m */,
			);
			name = "Supporting Files";
			sourceTree = "<group>";
		};
		6B3DFC261C635740009D96D4 /* youtube-searcherTests */ = {
			isa = PBXGroup;
			children = (
				6B3DFC271C635740009D96D4 /* youtube_searcherTests.m */,
				6B3DFC291C635740009D96D4 /* Info.plist */,
			);
			path = "youtube-searcherTests";
			sourceTree = "<group>";
		};
		6B3DFC331C6369B1009D96D4 /* ViewControllers */ = {
			isa = PBXGroup;
			children = (
				6B54C2C01C6AA92400714B56 /* PlaylistDetailsController */,
				6B436D3D1C6835C70043828C /* VideoPlayerController */,
				6B436D3C1C6835A40043828C /* SearchController */,
				6B436D3E1C6835F00043828C /* SavedPlaylistsController */,
				6B436D2B1C67C1530043828C /* VideoResultTableViewController.swift */,
				6BC831341C6AECC5002D1309 /* CommonTableViewController.h */,
				6BC831351C6AECC5002D1309 /* CommonTableViewController.m */,
			);
			name = ViewControllers;
			sourceTree = "<group>";
		};
		6B3DFC341C6369C3009D96D4 /* Views */ = {
			isa = PBXGroup;
			children = (
				6B436D2F1C6829AB0043828C /* LoadingCell */,
				6B436D271C67B78F0043828C /* VideoResultCell */,
				6B436D261C67B7810043828C /* DropDownMenu */,
			);
			name = Views;
			sourceTree = "<group>";
		};
		6B436D261C67B7810043828C /* DropDownMenu */ = {
			isa = PBXGroup;
			children = (
				6B3DFC351C636AA9009D96D4 /* DropDownMenu.xib */,
				6B3DFC3F1C637022009D96D4 /* DropDownMenu.h */,
				6B3DFC401C637022009D96D4 /* DropDownMenu.m */,
			);
			name = DropDownMenu;
			sourceTree = "<group>";
		};
		6B436D271C67B78F0043828C /* VideoResultCell */ = {
			isa = PBXGroup;
			children = (
				6B436D231C67B69F0043828C /* VideoResultCell.xib */,
				6B436D291C67B7DE0043828C /* VideoResultCell.swift */,
			);
			name = VideoResultCell;
			sourceTree = "<group>";
		};
		6B436D2F1C6829AB0043828C /* LoadingCell */ = {
			isa = PBXGroup;
			children = (
				6B436D2D1C6829990043828C /* LoadingCell.swift */,
				6B436D301C6829C20043828C /* LoadingCell.xib */,
			);
			name = LoadingCell;
			sourceTree = "<group>";
		};
		6B436D321C68335C0043828C /* Classes */ = {
			isa = PBXGroup;
			children = (
				6B436D331C68335C0043828C /* YTPlayerView.h */,
				6B436D341C68335C0043828C /* YTPlayerView.m */,
			);
			path = Classes;
			sourceTree = "<group>";
		};
		6B436D381C68341E0043828C /* Player */ = {
			isa = PBXGroup;
			children = (
				6B436D361C6833EF0043828C /* Assets.bundle */,
				6B436D321C68335C0043828C /* Classes */,
			);
			name = Player;
			sourceTree = "<group>";
		};
		6B436D3C1C6835A40043828C /* SearchController */ = {
			isa = PBXGroup;
			children = (
				6B3DFC101C635740009D96D4 /* SearchViewController.h */,
				6B3DFC111C635740009D96D4 /* SearchViewController.m */,
			);
			name = SearchController;
			sourceTree = "<group>";
		};
		6B436D3D1C6835C70043828C /* VideoPlayerController */ = {
			isa = PBXGroup;
			children = (
				6B436D391C6835950043828C /* VideoPlayerViewController.h */,
				6B436D3A1C6835950043828C /* VideoPlayerViewController.m */,
			);
			name = VideoPlayerController;
			sourceTree = "<group>";
		};
		6B436D3E1C6835F00043828C /* SavedPlaylistsController */ = {
			isa = PBXGroup;
			children = (
				6B5D06B41C6A3E0E00B2F761 /* SavedPlaylistsTableViewController.h */,
				6B5D06B51C6A3E0E00B2F761 /* SavedPlaylistsTableViewController.m */,
			);
			name = SavedPlaylistsController;
			sourceTree = "<group>";
		};
		6B54C2C01C6AA92400714B56 /* PlaylistDetailsController */ = {
			isa = PBXGroup;
			children = (
				6B54C2C11C6AA94B00714B56 /* PlaylistDetailsTableViewController.h */,
				6B54C2C21C6AA94B00714B56 /* PlaylistDetailsTableViewController.m */,
			);
			name = PlaylistDetailsController;
			sourceTree = "<group>";
		};
		6B5D06B01C6A16B100B2F761 /* CoreModels */ = {
			isa = PBXGroup;
			children = (
				6B54C2B41C6A9B5900714B56 /* PlaylistMO+CoreDataProperties.h */,
				6B54C2B51C6A9B5900714B56 /* PlaylistMO+CoreDataProperties.m */,
				6B54C2B61C6A9B5900714B56 /* PlaylistMO.h */,
				6B54C2B71C6A9B5900714B56 /* PlaylistMO.m */,
				6B54C2B81C6A9B5900714B56 /* VideoMO+CoreDataProperties.h */,
				6B54C2B91C6A9B5900714B56 /* VideoMO+CoreDataProperties.m */,
				6B54C2BA1C6A9B5900714B56 /* VideoMO.h */,
				6B54C2BB1C6A9B5900714B56 /* VideoMO.m */,
			);
			name = CoreModels;
			sourceTree = "<group>";
		};
		6B890DAD1C664DE500551FFF /* Response */ = {
			isa = PBXGroup;
			children = (
				6B890DB91C66612B00551FFF /* Extensions */,
				6B890DAA1C664D0400551FFF /* PagedVideoCollectionResult.h */,
				6B890DAB1C664D0400551FFF /* PagedVideoCollectionResult.m */,
				6B890DAF1C664E1F00551FFF /* PageInfo.h */,
				6B890DB01C664E1F00551FFF /* PageInfo.m */,
				6B890DB31C664EBC00551FFF /* VideoItemResult.h */,
				6B890DB41C664EBC00551FFF /* VideoItemResult.m */,
			);
			name = Response;
			sourceTree = "<group>";
		};
		6B890DB21C664E9900551FFF /* Request */ = {
			isa = PBXGroup;
			children = (
				6B2D01131C6567030058B110 /* VideoQueryModel.h */,
				6B2D01141C6567030058B110 /* VideoQueryModel.m */,
			);
			name = Request;
			sourceTree = "<group>";
		};
		6B890DB91C66612B00551FFF /* Extensions */ = {
			isa = PBXGroup;
			children = (
				6B890DBA1C6661E200551FFF /* VideoItem_HttpExtensions.h */,
				6B890DBB1C66661800551FFF /* PagedVideoCollection_HttpExtensions.h */,
			);
			name = Extensions;
			sourceTree = "<group>";
		};
		6BF84EFD1C65F0D900C8DE59 /* Data */ = {
			isa = PBXGroup;
			children = (
				6B2D01121C6566E10058B110 /* Models */,
				6B436D671C684F700043828C /* youtube-searcher.xcdatamodeld */,
				6BF84EFE1C65F11F00C8DE59 /* HttpRequester.h */,
				6BF84EFF1C65F11F00C8DE59 /* HttpRequester.m */,
				6B890DB61C66525900551FFF /* DataHandler.h */,
				6B890DB71C66525900551FFF /* DataHandler.m */,
				6B5D06AD1C69F54D00B2F761 /* CoreDataRequester.h */,
				6B5D06AE1C69F54D00B2F761 /* CoreDataRequester.m */,
			);
			name = Data;
			sourceTree = "<group>";
		};
/* End PBXGroup section */

/* Begin PBXNativeTarget section */
		6B3DFC061C635740009D96D4 /* youtube-searcher */ = {
			isa = PBXNativeTarget;
			buildConfigurationList = 6B3DFC2C1C635740009D96D4 /* Build configuration list for PBXNativeTarget "youtube-searcher" */;
			buildPhases = (
				6B3DFC031C635740009D96D4 /* Sources */,
				6B3DFC041C635740009D96D4 /* Frameworks */,
				6B3DFC051C635740009D96D4 /* Resources */,
			);
			buildRules = (
			);
			dependencies = (
			);
			name = "youtube-searcher";
			productName = "youtube-searcher";
			productReference = 6B3DFC071C635740009D96D4 /* youtube-searcher.app */;
			productType = "com.apple.product-type.application";
		};
		6B3DFC221C635740009D96D4 /* youtube-searcherTests */ = {
			isa = PBXNativeTarget;
			buildConfigurationList = 6B3DFC2F1C635740009D96D4 /* Build configuration list for PBXNativeTarget "youtube-searcherTests" */;
			buildPhases = (
				6B3DFC1F1C635740009D96D4 /* Sources */,
				6B3DFC201C635740009D96D4 /* Frameworks */,
				6B3DFC211C635740009D96D4 /* Resources */,
			);
			buildRules = (
			);
			dependencies = (
				6B3DFC251C635740009D96D4 /* PBXTargetDependency */,
			);
			name = "youtube-searcherTests";
			productName = "youtube-searcherTests";
			productReference = 6B3DFC231C635740009D96D4 /* youtube-searcherTests.xctest */;
			productType = "com.apple.product-type.bundle.unit-test";
		};
/* End PBXNativeTarget section */

/* Begin PBXProject section */
		6B3DFBFF1C635740009D96D4 /* Project object */ = {
			isa = PBXProject;
			attributes = {
				LastUpgradeCheck = 0730;
				ORGANIZATIONNAME = "Peter Velkov";
				TargetAttributes = {
					6B3DFC061C635740009D96D4 = {
						CreatedOnToolsVersion = 7.3;
						DevelopmentTeam = Y7Z543YMUW;
					};
					6B3DFC221C635740009D96D4 = {
						CreatedOnToolsVersion = 7.3;
						DevelopmentTeam = Y7Z543YMUW;
						TestTargetID = 6B3DFC061C635740009D96D4;
					};
				};
			};
			buildConfigurationList = 6B3DFC021C635740009D96D4 /* Build configuration list for PBXProject "youtube-searcher" */;
			compatibilityVersion = "Xcode 6.3";
			developmentRegion = English;
			hasScannedForEncodings = 0;
			knownRegions = (
				en,
				Base,
			);
			mainGroup = 6B3DFBFE1C635740009D96D4;
			productRefGroup = 6B3DFC081C635740009D96D4 /* Products */;
			projectDirPath = "";
			projectRoot = "";
			targets = (
				6B3DFC061C635740009D96D4 /* youtube-searcher */,
				6B3DFC221C635740009D96D4 /* youtube-searcherTests */,
			);
		};
/* End PBXProject section */

/* Begin PBXResourcesBuildPhase section */
		6B3DFC051C635740009D96D4 /* Resources */ = {
			isa = PBXResourcesBuildPhase;
			buildActionMask = 2147483647;
			files = (
				6BC831331C6ADAA9002D1309 /* Main.storyboard in Resources */,
				6B3DFC1D1C635740009D96D4 /* LaunchScreen.storyboard in Resources */,
				6B436D241C67B69F0043828C /* VideoResultCell.xib in Resources */,
				6B436D311C6829C20043828C /* LoadingCell.xib in Resources */,
				6B436D371C6833EF0043828C /* Assets.bundle in Resources */,
				6B3DFC1A1C635740009D96D4 /* Assets.xcassets in Resources */,
				6B3DFC361C636AA9009D96D4 /* DropDownMenu.xib in Resources */,
			);
			runOnlyForDeploymentPostprocessing = 0;
		};
		6B3DFC211C635740009D96D4 /* Resources */ = {
			isa = PBXResourcesBuildPhase;
			buildActionMask = 2147483647;
			files = (
			);
			runOnlyForDeploymentPostprocessing = 0;
		};
/* End PBXResourcesBuildPhase section */

/* Begin PBXSourcesBuildPhase section */
		6B3DFC031C635740009D96D4 /* Sources */ = {
			isa = PBXSourcesBuildPhase;
			buildActionMask = 2147483647;
			files = (
				6B436D691C684F700043828C /* youtube-searcher.xcdatamodeld in Sources */,
				6B54C2BD1C6A9B5900714B56 /* PlaylistMO.m in Sources */,
				6B890DAC1C664D0400551FFF /* PagedVideoCollectionResult.m in Sources */,
				6B2D01151C6567030058B110 /* VideoQueryModel.m in Sources */,
				6B3DFC411C637022009D96D4 /* DropDownMenu.m in Sources */,
				6B54C2BC1C6A9B5900714B56 /* PlaylistMO+CoreDataProperties.m in Sources */,
				6B436D351C68335C0043828C /* YTPlayerView.m in Sources */,
				6BF84F001C65F11F00C8DE59 /* HttpRequester.m in Sources */,
				6B890DB81C66525900551FFF /* DataHandler.m in Sources */,
				6B54C2C31C6AA94B00714B56 /* PlaylistDetailsTableViewController.m in Sources */,
				6B890DB11C664E1F00551FFF /* PageInfo.m in Sources */,
				6B3DFC0F1C635740009D96D4 /* AppDelegate.m in Sources */,
				6B3DFC121C635740009D96D4 /* SearchViewController.m in Sources */,
				6B5D06AF1C69F54D00B2F761 /* CoreDataRequester.m in Sources */,
				6B3DFC0C1C635740009D96D4 /* main.m in Sources */,
				6B54C2BE1C6A9B5900714B56 /* VideoMO+CoreDataProperties.m in Sources */,
				6B436D2E1C6829990043828C /* LoadingCell.swift in Sources */,
				6B436D2A1C67B7DE0043828C /* VideoResultCell.swift in Sources */,
				6BC831361C6AECC5002D1309 /* CommonTableViewController.m in Sources */,
				6B436D2C1C67C1530043828C /* VideoResultTableViewController.swift in Sources */,
				6B890DBE1C66741A00551FFF /* AppStart.m in Sources */,
				6B436D3B1C6835950043828C /* VideoPlayerViewController.m in Sources */,
				6B2D01191C6573BB0058B110 /* PropertyExtractor.m in Sources */,
				6B890DB51C664EBC00551FFF /* VideoItemResult.m in Sources */,
				6B5D06B61C6A3E0E00B2F761 /* SavedPlaylistsTableViewController.m in Sources */,
				6B54C2BF1C6A9B5900714B56 /* VideoMO.m in Sources */,
			);
			runOnlyForDeploymentPostprocessing = 0;
		};
		6B3DFC1F1C635740009D96D4 /* Sources */ = {
			isa = PBXSourcesBuildPhase;
			buildActionMask = 2147483647;
			files = (
				6B3DFC281C635740009D96D4 /* youtube_searcherTests.m in Sources */,
			);
			runOnlyForDeploymentPostprocessing = 0;
		};
/* End PBXSourcesBuildPhase section */

/* Begin PBXTargetDependency section */
		6B3DFC251C635740009D96D4 /* PBXTargetDependency */ = {
			isa = PBXTargetDependency;
			target = 6B3DFC061C635740009D96D4 /* youtube-searcher */;
			targetProxy = 6B3DFC241C635740009D96D4 /* PBXContainerItemProxy */;
		};
/* End PBXTargetDependency section */

/* Begin PBXVariantGroup section */
		6B3DFC1B1C635740009D96D4 /* LaunchScreen.storyboard */ = {
			isa = PBXVariantGroup;
			children = (
				6B3DFC1C1C635740009D96D4 /* Base */,
			);
			name = LaunchScreen.storyboard;
			sourceTree = "<group>";
		};
		6BC831311C6ADAA9002D1309 /* Main.storyboard */ = {
			isa = PBXVariantGroup;
			children = (
				6BC831321C6ADAA9002D1309 /* Base */,
			);
			name = Main.storyboard;
			path = ..;
			sourceTree = "<group>";
		};
/* End PBXVariantGroup section */

/* Begin XCBuildConfiguration section */
		6B3DFC2A1C635740009D96D4 /* Debug */ = {
			isa = XCBuildConfiguration;
			buildSettings = {
				ALWAYS_SEARCH_USER_PATHS = NO;
				CLANG_CXX_LANGUAGE_STANDARD = "gnu++0x";
				CLANG_CXX_LIBRARY = "libc++";
				CLANG_ENABLE_MODULES = YES;
				CLANG_ENABLE_OBJC_ARC = YES;
				CLANG_WARN_BOOL_CONVERSION = YES;
				CLANG_WARN_CONSTANT_CONVERSION = YES;
				CLANG_WARN_DIRECT_OBJC_ISA_USAGE = YES_ERROR;
				CLANG_WARN_EMPTY_BODY = YES;
				CLANG_WARN_ENUM_CONVERSION = YES;
				CLANG_WARN_INT_CONVERSION = YES;
				CLANG_WARN_OBJC_ROOT_CLASS = YES_ERROR;
				CLANG_WARN_UNREACHABLE_CODE = YES;
				CLANG_WARN__DUPLICATE_METHOD_MATCH = YES;
				"CODE_SIGN_IDENTITY[sdk=iphoneos*]" = "iPhone Developer";
				COPY_PHASE_STRIP = NO;
				DEBUG_INFORMATION_FORMAT = dwarf;
				ENABLE_STRICT_OBJC_MSGSEND = YES;
				ENABLE_TESTABILITY = YES;
				GCC_C_LANGUAGE_STANDARD = gnu99;
				GCC_DYNAMIC_NO_PIC = NO;
				GCC_NO_COMMON_BLOCKS = YES;
				GCC_OPTIMIZATION_LEVEL = 0;
				GCC_PREPROCESSOR_DEFINITIONS = (
					"DEBUG=1",
					"$(inherited)",
				);
				GCC_WARN_64_TO_32_BIT_CONVERSION = YES;
				GCC_WARN_ABOUT_RETURN_TYPE = YES_ERROR;
				GCC_WARN_UNDECLARED_SELECTOR = YES;
				GCC_WARN_UNINITIALIZED_AUTOS = YES_AGGRESSIVE;
				GCC_WARN_UNUSED_FUNCTION = YES;
				GCC_WARN_UNUSED_VARIABLE = YES;
				IPHONEOS_DEPLOYMENT_TARGET = 9.3;
				MTL_ENABLE_DEBUG_INFO = YES;
				ONLY_ACTIVE_ARCH = YES;
				SDKROOT = iphoneos;
				TARGETED_DEVICE_FAMILY = "1,2";
			};
			name = Debug;
		};
		6B3DFC2B1C635740009D96D4 /* Release */ = {
			isa = XCBuildConfiguration;
			buildSettings = {
				ALWAYS_SEARCH_USER_PATHS = NO;
				CLANG_CXX_LANGUAGE_STANDARD = "gnu++0x";
				CLANG_CXX_LIBRARY = "libc++";
				CLANG_ENABLE_MODULES = YES;
				CLANG_ENABLE_OBJC_ARC = YES;
				CLANG_WARN_BOOL_CONVERSION = YES;
				CLANG_WARN_CONSTANT_CONVERSION = YES;
				CLANG_WARN_DIRECT_OBJC_ISA_USAGE = YES_ERROR;
				CLANG_WARN_EMPTY_BODY = YES;
				CLANG_WARN_ENUM_CONVERSION = YES;
				CLANG_WARN_INT_CONVERSION = YES;
				CLANG_WARN_OBJC_ROOT_CLASS = YES_ERROR;
				CLANG_WARN_UNREACHABLE_CODE = YES;
				CLANG_WARN__DUPLICATE_METHOD_MATCH = YES;
				"CODE_SIGN_IDENTITY[sdk=iphoneos*]" = "iPhone Developer";
				COPY_PHASE_STRIP = NO;
				DEBUG_INFORMATION_FORMAT = "dwarf-with-dsym";
				ENABLE_NS_ASSERTIONS = NO;
				ENABLE_STRICT_OBJC_MSGSEND = YES;
				GCC_C_LANGUAGE_STANDARD = gnu99;
				GCC_NO_COMMON_BLOCKS = YES;
				GCC_WARN_64_TO_32_BIT_CONVERSION = YES;
				GCC_WARN_ABOUT_RETURN_TYPE = YES_ERROR;
				GCC_WARN_UNDECLARED_SELECTOR = YES;
				GCC_WARN_UNINITIALIZED_AUTOS = YES_AGGRESSIVE;
				GCC_WARN_UNUSED_FUNCTION = YES;
				GCC_WARN_UNUSED_VARIABLE = YES;
				IPHONEOS_DEPLOYMENT_TARGET = 9.3;
				MTL_ENABLE_DEBUG_INFO = NO;
				SDKROOT = iphoneos;
				TARGETED_DEVICE_FAMILY = "1,2";
				VALIDATE_PRODUCT = YES;
			};
			name = Release;
		};
		6B3DFC2D1C635740009D96D4 /* Debug */ = {
			isa = XCBuildConfiguration;
			buildSettings = {
				ASSETCATALOG_COMPILER_APPICON_NAME = AppIcon;
				CLANG_ENABLE_MODULES = YES;
				INFOPLIST_FILE = "youtube-searcher/Info.plist";
				LD_RUNPATH_SEARCH_PATHS = "$(inherited) @executable_path/Frameworks";
				PRODUCT_BUNDLE_IDENTIFIER = "com.example.youtube-searcher";
				PRODUCT_NAME = "$(TARGET_NAME)";
				SWIFT_OBJC_BRIDGING_HEADER = "youtube-searcher/youtube-searcher-Bridging-Header.h";
				SWIFT_OPTIMIZATION_LEVEL = "-Onone";
			};
			name = Debug;
		};
		6B3DFC2E1C635740009D96D4 /* Release */ = {
			isa = XCBuildConfiguration;
			buildSettings = {
				ASSETCATALOG_COMPILER_APPICON_NAME = AppIcon;
				CLANG_ENABLE_MODULES = YES;
				INFOPLIST_FILE = "youtube-searcher/Info.plist";
				LD_RUNPATH_SEARCH_PATHS = "$(inherited) @executable_path/Frameworks";
				PRODUCT_BUNDLE_IDENTIFIER = "com.example.youtube-searcher";
				PRODUCT_NAME = "$(TARGET_NAME)";
				SWIFT_OBJC_BRIDGING_HEADER = "youtube-searcher/youtube-searcher-Bridging-Header.h";
			};
			name = Release;
		};
		6B3DFC301C635740009D96D4 /* Debug */ = {
			isa = XCBuildConfiguration;
			buildSettings = {
				BUNDLE_LOADER = "$(TEST_HOST)";
				INFOPLIST_FILE = "youtube-searcherTests/Info.plist";
				LD_RUNPATH_SEARCH_PATHS = "$(inherited) @executable_path/Frameworks @loader_path/Frameworks";
				PRODUCT_BUNDLE_IDENTIFIER = "com.example.youtube-searcherTests";
				PRODUCT_NAME = "$(TARGET_NAME)";
				TEST_HOST = "$(BUILT_PRODUCTS_DIR)/youtube-searcher.app/youtube-searcher";
			};
			name = Debug;
		};
		6B3DFC311C635740009D96D4 /* Release */ = {
			isa = XCBuildConfiguration;
			buildSettings = {
				BUNDLE_LOADER = "$(TEST_HOST)";
				INFOPLIST_FILE = "youtube-searcherTests/Info.plist";
				LD_RUNPATH_SEARCH_PATHS = "$(inherited) @executable_path/Frameworks @loader_path/Frameworks";
				PRODUCT_BUNDLE_IDENTIFIER = "com.example.youtube-searcherTests";
				PRODUCT_NAME = "$(TARGET_NAME)";
				TEST_HOST = "$(BUILT_PRODUCTS_DIR)/youtube-searcher.app/youtube-searcher";
			};
			name = Release;
		};
/* End XCBuildConfiguration section */

/* Begin XCConfigurationList section */
		6B3DFC021C635740009D96D4 /* Build configuration list for PBXProject "youtube-searcher" */ = {
			isa = XCConfigurationList;
			buildConfigurations = (
				6B3DFC2A1C635740009D96D4 /* Debug */,
				6B3DFC2B1C635740009D96D4 /* Release */,
			);
			defaultConfigurationIsVisible = 0;
			defaultConfigurationName = Release;
		};
		6B3DFC2C1C635740009D96D4 /* Build configuration list for PBXNativeTarget "youtube-searcher" */ = {
			isa = XCConfigurationList;
			buildConfigurations = (
				6B3DFC2D1C635740009D96D4 /* Debug */,
				6B3DFC2E1C635740009D96D4 /* Release */,
			);
			defaultConfigurationIsVisible = 0;
			defaultConfigurationName = Release;
		};
		6B3DFC2F1C635740009D96D4 /* Build configuration list for PBXNativeTarget "youtube-searcherTests" */ = {
			isa = XCConfigurationList;
			buildConfigurations = (
				6B3DFC301C635740009D96D4 /* Debug */,
				6B3DFC311C635740009D96D4 /* Release */,
			);
			defaultConfigurationIsVisible = 0;
			defaultConfigurationName = Release;
		};
/* End XCConfigurationList section */

/* Begin XCVersionGroup section */
		6B436D671C684F700043828C /* youtube-searcher.xcdatamodeld */ = {
			isa = XCVersionGroup;
			children = (
				6B436D681C684F700043828C /* youtube-searcher.xcdatamodel */,
			);
			currentVersion = 6B436D681C684F700043828C /* youtube-searcher.xcdatamodel */;
			path = "youtube-searcher.xcdatamodeld";
			sourceTree = "<group>";
			versionGroupType = wrapper.xcdatamodel;
		};
/* End XCVersionGroup section */
	};
	rootObject = 6B3DFBFF1C635740009D96D4 /* Project object */;
}
